
Microsoft Visual Studio Solution File, Format Version 12.00
# Visual Studio 15
VisualStudioVersion = 15.0.27703.2042
MinimumVisualStudioVersion = 10.0.40219.1
Project("{FAE04EC0-301F-11D3-BF4B-00C04F79EFBC}") = "HelperMethods", "HelperMethods\HelperMethods.csproj", "{84B69BC1-B1CB-428F-83F2-8A792C308A14}"
EndProject
Global
	GlobalSection(SolutionConfigurationPlatforms) = preSolution
		Debug|Any CPU = Debug|Any CPU
		Release|Any CPU = Release|Any CPU
	EndGlobalSection
	GlobalSection(ProjectConfigurationPlatforms) = postSolution
		{84B69BC1-B1CB-428F-83F2-8A792C308A14}.Debug|Any CPU.ActiveCfg = Debug|Any CPU
		{84B69BC1-B1CB-428F-83F2-8A792C308A14}.Debug|Any CPU.Build.0 = Debug|Any CPU
		{84B69BC1-B1CB-428F-83F2-8A792C308A14}.Release|Any CPU.ActiveCfg = Release|Any CPU
		{84B69BC1-B1CB-428F-83F2-8A792C308A14}.Release|Any CPU.Build.0 = Release|Any CPU
	EndGlobalSection
	GlobalSection(SolutionProperties) = preSolution
		HideSolutionNode = FALSE
	EndGlobalSection
	GlobalSection(ExtensibilityGlobals) = postSolution
		SolutionGuid = {BE7A8489-6E42-41C0-88B8-8DDA9EA6D7A8}
	EndGlobalSection
EndGlobal
